
Microsoft Visual Studio Solution File, Format Version 12.00
# Visual Studio Version 16
VisualStudioVersion = 16.0.31313.79
MinimumVisualStudioVersion = 10.0.40219.1
Project("{FAE04EC0-301F-11D3-BF4B-00C04F79EFBC}") = "Sor_2", "Sor_2\Sor_2.csproj", "{5DBD04D9-6C06-47A6-9A5E-E664DE55869D}"
EndProject
Global
	GlobalSection(SolutionConfigurationPlatforms) = preSolution
		Debug|Any CPU = Debug|Any CPU
		Release|Any CPU = Release|Any CPU
	EndGlobalSection
	GlobalSection(ProjectConfigurationPlatforms) = postSolution
		{5DBD04D9-6C06-47A6-9A5E-E664DE55869D}.Debug|Any CPU.ActiveCfg = Debug|Any CPU
		{5DBD04D9-6C06-47A6-9A5E-E664DE55869D}.Debug|Any CPU.Build.0 = Debug|Any CPU
		{5DBD04D9-6C06-47A6-9A5E-E664DE55869D}.Release|Any CPU.ActiveCfg = Release|Any CPU
		{5DBD04D9-6C06-47A6-9A5E-E664DE55869D}.Release|Any CPU.Build.0 = Release|Any CPU
	EndGlobalSection
	GlobalSection(SolutionProperties) = preSolution
		HideSolutionNode = FALSE
	EndGlobalSection
	GlobalSection(ExtensibilityGlobals) = postSolution
		SolutionGuid = {A7E0C97B-25C9-4B40-A53B-9CB3DC776C87}
	EndGlobalSection
EndGlobal
