
Microsoft Visual Studio Solution File, Format Version 12.00
# Visual Studio Version 16
VisualStudioVersion = 16.0.31313.79
MinimumVisualStudioVersion = 10.0.40219.1
Project("{FAE04EC0-301F-11D3-BF4B-00C04F79EFBC}") = "Sor_3", "Sor_3\Sor_3.csproj", "{467B3B92-D643-4DFC-B246-2DFD96F41186}"
EndProject
Global
	GlobalSection(SolutionConfigurationPlatforms) = preSolution
		Debug|Any CPU = Debug|Any CPU
		Release|Any CPU = Release|Any CPU
	EndGlobalSection
	GlobalSection(ProjectConfigurationPlatforms) = postSolution
		{467B3B92-D643-4DFC-B246-2DFD96F41186}.Debug|Any CPU.ActiveCfg = Debug|Any CPU
		{467B3B92-D643-4DFC-B246-2DFD96F41186}.Debug|Any CPU.Build.0 = Debug|Any CPU
		{467B3B92-D643-4DFC-B246-2DFD96F41186}.Release|Any CPU.ActiveCfg = Release|Any CPU
		{467B3B92-D643-4DFC-B246-2DFD96F41186}.Release|Any CPU.Build.0 = Release|Any CPU
	EndGlobalSection
	GlobalSection(SolutionProperties) = preSolution
		HideSolutionNode = FALSE
	EndGlobalSection
	GlobalSection(ExtensibilityGlobals) = postSolution
		SolutionGuid = {A6763D3C-86BA-46AD-9AF6-E2E647589830}
	EndGlobalSection
EndGlobal
