
Microsoft Visual Studio Solution File, Format Version 12.00
# Visual Studio Version 16
VisualStudioVersion = 16.0.31313.79
MinimumVisualStudioVersion = 10.0.40219.1
Project("{FAE04EC0-301F-11D3-BF4B-00C04F79EFBC}") = "Sor_11", "Sor_11\Sor_11.csproj", "{430DFA89-843D-4856-A450-3EDC058D6E09}"
EndProject
Global
	GlobalSection(SolutionConfigurationPlatforms) = preSolution
		Debug|Any CPU = Debug|Any CPU
		Release|Any CPU = Release|Any CPU
	EndGlobalSection
	GlobalSection(ProjectConfigurationPlatforms) = postSolution
		{430DFA89-843D-4856-A450-3EDC058D6E09}.Debug|Any CPU.ActiveCfg = Debug|Any CPU
		{430DFA89-843D-4856-A450-3EDC058D6E09}.Debug|Any CPU.Build.0 = Debug|Any CPU
		{430DFA89-843D-4856-A450-3EDC058D6E09}.Release|Any CPU.ActiveCfg = Release|Any CPU
		{430DFA89-843D-4856-A450-3EDC058D6E09}.Release|Any CPU.Build.0 = Release|Any CPU
	EndGlobalSection
	GlobalSection(SolutionProperties) = preSolution
		HideSolutionNode = FALSE
	EndGlobalSection
	GlobalSection(ExtensibilityGlobals) = postSolution
		SolutionGuid = {DF3CD097-5E89-4808-B5EC-FD73A9604359}
	EndGlobalSection
EndGlobal
